
Microsoft Visual Studio Solution File, Format Version 12.00
# Visual Studio Version 16
VisualStudioVersion = 16.0.32510.428
MinimumVisualStudioVersion = 10.0.40219.1
Project("{9A19103F-16F7-4668-BE54-9A1E7A4F7556}") = "program.cs", "program.cs\program.cs.csproj", "{98DCA7C3-F345-46C9-AE92-42954E9D1724}"
EndProject
Project("{9A19103F-16F7-4668-BE54-9A1E7A4F7556}") = "döngüler", "döngüler\döngüler.csproj", "{3853A5AD-709B-4BF1-99D9-74043D60B6B4}"
EndProject
Project("{9A19103F-16F7-4668-BE54-9A1E7A4F7556}") = "ClassIntro", "ClassIntro\ClassIntro.csproj", "{F201D22B-4A01-4E09-AB02-366A8BBB8290}"
EndProject
Project("{9A19103F-16F7-4668-BE54-9A1E7A4F7556}") = "metotlar", "metotlar\metotlar.csproj", "{61E1C23E-B35B-4789-9BA2-BD9955F987A6}"
EndProject
Project("{FAE04EC0-301F-11D3-BF4B-00C04F79EFBC}") = "Matematik", "Matematik\Matematik.csproj", "{0E370752-A410-49A3-8770-2A606AD0C8D8}"
EndProject
Project("{FAE04EC0-301F-11D3-BF4B-00C04F79EFBC}") = "DegerVeReferansTipler", "DegerVeReferansTipler\DegerVeReferansTipler.csproj", "{5F7F8BEB-87DB-4E41-A088-A77B9629904D}"
EndProject
Global
	GlobalSection(SolutionConfigurationPlatforms) = preSolution
		Debug|Any CPU = Debug|Any CPU
		Release|Any CPU = Release|Any CPU
	EndGlobalSection
	GlobalSection(ProjectConfigurationPlatforms) = postSolution
		{98DCA7C3-F345-46C9-AE92-42954E9D1724}.Debug|Any CPU.ActiveCfg = Debug|Any CPU
		{98DCA7C3-F345-46C9-AE92-42954E9D1724}.Debug|Any CPU.Build.0 = Debug|Any CPU
		{98DCA7C3-F345-46C9-AE92-42954E9D1724}.Release|Any CPU.ActiveCfg = Release|Any CPU
		{98DCA7C3-F345-46C9-AE92-42954E9D1724}.Release|Any CPU.Build.0 = Release|Any CPU
		{3853A5AD-709B-4BF1-99D9-74043D60B6B4}.Debug|Any CPU.ActiveCfg = Debug|Any CPU
		{3853A5AD-709B-4BF1-99D9-74043D60B6B4}.Debug|Any CPU.Build.0 = Debug|Any CPU
		{3853A5AD-709B-4BF1-99D9-74043D60B6B4}.Release|Any CPU.ActiveCfg = Release|Any CPU
		{3853A5AD-709B-4BF1-99D9-74043D60B6B4}.Release|Any CPU.Build.0 = Release|Any CPU
		{F201D22B-4A01-4E09-AB02-366A8BBB8290}.Debug|Any CPU.ActiveCfg = Debug|Any CPU
		{F201D22B-4A01-4E09-AB02-366A8BBB8290}.Debug|Any CPU.Build.0 = Debug|Any CPU
		{F201D22B-4A01-4E09-AB02-366A8BBB8290}.Release|Any CPU.ActiveCfg = Release|Any CPU
		{F201D22B-4A01-4E09-AB02-366A8BBB8290}.Release|Any CPU.Build.0 = Release|Any CPU
		{61E1C23E-B35B-4789-9BA2-BD9955F987A6}.Debug|Any CPU.ActiveCfg = Debug|Any CPU
		{61E1C23E-B35B-4789-9BA2-BD9955F987A6}.Debug|Any CPU.Build.0 = Debug|Any CPU
		{61E1C23E-B35B-4789-9BA2-BD9955F987A6}.Release|Any CPU.ActiveCfg = Release|Any CPU
		{61E1C23E-B35B-4789-9BA2-BD9955F987A6}.Release|Any CPU.Build.0 = Release|Any CPU
		{0E370752-A410-49A3-8770-2A606AD0C8D8}.Debug|Any CPU.ActiveCfg = Debug|Any CPU
		{0E370752-A410-49A3-8770-2A606AD0C8D8}.Debug|Any CPU.Build.0 = Debug|Any CPU
		{0E370752-A410-49A3-8770-2A606AD0C8D8}.Release|Any CPU.ActiveCfg = Release|Any CPU
		{0E370752-A410-49A3-8770-2A606AD0C8D8}.Release|Any CPU.Build.0 = Release|Any CPU
		{5F7F8BEB-87DB-4E41-A088-A77B9629904D}.Debug|Any CPU.ActiveCfg = Debug|Any CPU
		{5F7F8BEB-87DB-4E41-A088-A77B9629904D}.Debug|Any CPU.Build.0 = Debug|Any CPU
		{5F7F8BEB-87DB-4E41-A088-A77B9629904D}.Release|Any CPU.ActiveCfg = Release|Any CPU
		{5F7F8BEB-87DB-4E41-A088-A77B9629904D}.Release|Any CPU.Build.0 = Release|Any CPU
	EndGlobalSection
	GlobalSection(SolutionProperties) = preSolution
		HideSolutionNode = FALSE
	EndGlobalSection
	GlobalSection(ExtensibilityGlobals) = postSolution
		SolutionGuid = {5E4E4E9A-F7EE-4305-B233-BE4E57ABED01}
	EndGlobalSection
EndGlobal
